
Microsoft Visual Studio Solution File, Format Version 12.00
# Visual Studio 15
VisualStudioVersion = 15.0.28307.489
MinimumVisualStudioVersion = 10.0.40219.1
Project("{9A19103F-16F7-4668-BE54-9A1E7A4F7556}") = "AwsAspNetCoreLabs.Web", "AwsAspNetCoreLabs.Web\AwsAspNetCoreLabs.Web.csproj", "{80E71D71-109B-43BC-802F-5383E085C5DC}"
EndProject
Project("{9A19103F-16F7-4668-BE54-9A1E7A4F7556}") = "AwsAspNetCoreLabs.S3", "AwsAspNetCoreLabs.S3\AwsAspNetCoreLabs.S3.csproj", "{AF17E246-E9C9-4A7F-8FE6-B782FD0C5166}"
EndProject
Project("{9A19103F-16F7-4668-BE54-9A1E7A4F7556}") = "AwsAspNetCoreLabs.SES", "AwsAspNetCoreLabs.SES\AwsAspNetCoreLabs.SES.csproj", "{0239E4EA-67CE-4538-81AA-AF009C983E86}"
EndProject
Project("{FAE04EC0-301F-11D3-BF4B-00C04F79EFBC}") = "AwsAspNetCoreLabs.SQS", "AwsAspNetCoreLabs.SQS\AwsAspNetCoreLabs.SQS.csproj", "{FFDE4B62-214D-4619-A2DF-0CB5BF563C49}"
EndProject
Project("{FAE04EC0-301F-11D3-BF4B-00C04F79EFBC}") = "AwsAspNetCoreLabs.SNS", "AwsAspNetCoreLabs.SNS\AwsAspNetCoreLabs.SNS.csproj", "{DDEA7B98-B741-4FBD-9E78-6703FF9CD3BE}"
EndProject
Project("{FAE04EC0-301F-11D3-BF4B-00C04F79EFBC}") = "AwsAspNetCoreLabs.ElastiCache", "AwsAspNetCoreLabs.ElastiCache\AwsAspNetCoreLabs.ElastiCache.csproj", "{D77EE81B-249D-484E-BA11-5DAC2B350993}"
EndProject
Project("{FAE04EC0-301F-11D3-BF4B-00C04F79EFBC}") = "AwsAspNetCoreLabs.Shared", "AwsAspNetCoreLabs.Shared\AwsAspNetCoreLabs.Shared.csproj", "{9E968BF2-D391-4098-9EB2-6D304B4089D5}"
EndProject
Global
	GlobalSection(SolutionConfigurationPlatforms) = preSolution
		Debug|Any CPU = Debug|Any CPU
		Release|Any CPU = Release|Any CPU
	EndGlobalSection
	GlobalSection(ProjectConfigurationPlatforms) = postSolution
		{80E71D71-109B-43BC-802F-5383E085C5DC}.Debug|Any CPU.ActiveCfg = Debug|Any CPU
		{80E71D71-109B-43BC-802F-5383E085C5DC}.Debug|Any CPU.Build.0 = Debug|Any CPU
		{80E71D71-109B-43BC-802F-5383E085C5DC}.Release|Any CPU.ActiveCfg = Release|Any CPU
		{80E71D71-109B-43BC-802F-5383E085C5DC}.Release|Any CPU.Build.0 = Release|Any CPU
		{AF17E246-E9C9-4A7F-8FE6-B782FD0C5166}.Debug|Any CPU.ActiveCfg = Debug|Any CPU
		{AF17E246-E9C9-4A7F-8FE6-B782FD0C5166}.Debug|Any CPU.Build.0 = Debug|Any CPU
		{AF17E246-E9C9-4A7F-8FE6-B782FD0C5166}.Release|Any CPU.ActiveCfg = Release|Any CPU
		{AF17E246-E9C9-4A7F-8FE6-B782FD0C5166}.Release|Any CPU.Build.0 = Release|Any CPU
		{0239E4EA-67CE-4538-81AA-AF009C983E86}.Debug|Any CPU.ActiveCfg = Debug|Any CPU
		{0239E4EA-67CE-4538-81AA-AF009C983E86}.Debug|Any CPU.Build.0 = Debug|Any CPU
		{0239E4EA-67CE-4538-81AA-AF009C983E86}.Release|Any CPU.ActiveCfg = Release|Any CPU
		{0239E4EA-67CE-4538-81AA-AF009C983E86}.Release|Any CPU.Build.0 = Release|Any CPU
		{FFDE4B62-214D-4619-A2DF-0CB5BF563C49}.Debug|Any CPU.ActiveCfg = Debug|Any CPU
		{FFDE4B62-214D-4619-A2DF-0CB5BF563C49}.Debug|Any CPU.Build.0 = Debug|Any CPU
		{FFDE4B62-214D-4619-A2DF-0CB5BF563C49}.Release|Any CPU.ActiveCfg = Release|Any CPU
		{FFDE4B62-214D-4619-A2DF-0CB5BF563C49}.Release|Any CPU.Build.0 = Release|Any CPU
		{DDEA7B98-B741-4FBD-9E78-6703FF9CD3BE}.Debug|Any CPU.ActiveCfg = Debug|Any CPU
		{DDEA7B98-B741-4FBD-9E78-6703FF9CD3BE}.Debug|Any CPU.Build.0 = Debug|Any CPU
		{DDEA7B98-B741-4FBD-9E78-6703FF9CD3BE}.Release|Any CPU.ActiveCfg = Release|Any CPU
		{DDEA7B98-B741-4FBD-9E78-6703FF9CD3BE}.Release|Any CPU.Build.0 = Release|Any CPU
		{D77EE81B-249D-484E-BA11-5DAC2B350993}.Debug|Any CPU.ActiveCfg = Debug|Any CPU
		{D77EE81B-249D-484E-BA11-5DAC2B350993}.Debug|Any CPU.Build.0 = Debug|Any CPU
		{D77EE81B-249D-484E-BA11-5DAC2B350993}.Release|Any CPU.ActiveCfg = Release|Any CPU
		{D77EE81B-249D-484E-BA11-5DAC2B350993}.Release|Any CPU.Build.0 = Release|Any CPU
		{9E968BF2-D391-4098-9EB2-6D304B4089D5}.Debug|Any CPU.ActiveCfg = Debug|Any CPU
		{9E968BF2-D391-4098-9EB2-6D304B4089D5}.Debug|Any CPU.Build.0 = Debug|Any CPU
		{9E968BF2-D391-4098-9EB2-6D304B4089D5}.Release|Any CPU.ActiveCfg = Release|Any CPU
		{9E968BF2-D391-4098-9EB2-6D304B4089D5}.Release|Any CPU.Build.0 = Release|Any CPU
	EndGlobalSection
	GlobalSection(SolutionProperties) = preSolution
		HideSolutionNode = FALSE
	EndGlobalSection
	GlobalSection(ExtensibilityGlobals) = postSolution
		SolutionGuid = {FC5B9E58-7C2E-4A55-B12A-702A825766CB}
	EndGlobalSection
EndGlobal
