
Microsoft Visual Studio Solution File, Format Version 12.00
# Visual Studio 15
VisualStudioVersion = 15.0.28307.489
MinimumVisualStudioVersion = 10.0.40219.1
Project("{FAE04EC0-301F-11D3-BF4B-00C04F79EFBC}") = "AwsAspNetCoreLabs.Web", "AwsAspNetCoreLabs.Web\AwsAspNetCoreLabs.Web.csproj", "{80E71D71-109B-43BC-802F-5383E085C5DC}"
EndProject
Global
	GlobalSection(SolutionConfigurationPlatforms) = preSolution
		Debug|Any CPU = Debug|Any CPU
		Release|Any CPU = Release|Any CPU
	EndGlobalSection
	GlobalSection(ProjectConfigurationPlatforms) = postSolution
		{80E71D71-109B-43BC-802F-5383E085C5DC}.Debug|Any CPU.ActiveCfg = Debug|Any CPU
		{80E71D71-109B-43BC-802F-5383E085C5DC}.Debug|Any CPU.Build.0 = Debug|Any CPU
		{80E71D71-109B-43BC-802F-5383E085C5DC}.Release|Any CPU.ActiveCfg = Release|Any CPU
		{80E71D71-109B-43BC-802F-5383E085C5DC}.Release|Any CPU.Build.0 = Release|Any CPU
	EndGlobalSection
	GlobalSection(SolutionProperties) = preSolution
		HideSolutionNode = FALSE
	EndGlobalSection
	GlobalSection(ExtensibilityGlobals) = postSolution
		SolutionGuid = {FC5B9E58-7C2E-4A55-B12A-702A825766CB}
	EndGlobalSection
EndGlobal
